
Microsoft Visual Studio Solution File, Format Version 12.00
# Visual Studio Version 16
VisualStudioVersion = 16.0.33214.272
MinimumVisualStudioVersion = 10.0.40219.1
Project("{FAE04EC0-301F-11D3-BF4B-00C04F79EFBC}") = "Makali", "Makali\Makali.csproj", "{96A2293E-5577-405B-AF8A-47F43CFC9E09}"
EndProject
Global
	GlobalSection(SolutionConfigurationPlatforms) = preSolution
		Debug|Any CPU = Debug|Any CPU
		Release|Any CPU = Release|Any CPU
	EndGlobalSection
	GlobalSection(ProjectConfigurationPlatforms) = postSolution
		{96A2293E-5577-405B-AF8A-47F43CFC9E09}.Debug|Any CPU.ActiveCfg = Debug|Any CPU
		{96A2293E-5577-405B-AF8A-47F43CFC9E09}.Debug|Any CPU.Build.0 = Debug|Any CPU
		{96A2293E-5577-405B-AF8A-47F43CFC9E09}.Release|Any CPU.ActiveCfg = Release|Any CPU
		{96A2293E-5577-405B-AF8A-47F43CFC9E09}.Release|Any CPU.Build.0 = Release|Any CPU
	EndGlobalSection
	GlobalSection(SolutionProperties) = preSolution
		HideSolutionNode = FALSE
	EndGlobalSection
	GlobalSection(ExtensibilityGlobals) = postSolution
		SolutionGuid = {2DBC1F94-932D-4DE0-BD0F-2E770C658669}
	EndGlobalSection
EndGlobal
